// !$*UTF8*$!
{
	archiveVersion = 1;
	classes = {
	};
	objectVersion = 48;
	objects = {

/* Begin PBXBuildFile section */
		89C9B6051FC13CEF00272C69 /* ChatCellTableViewCell.swift in Sources */ = {isa = PBXBuildFile; fileRef = 89C9B6031FC13CEF00272C69 /* ChatCellTableViewCell.swift */; };
		89C9B6061FC13CEF00272C69 /* ChatCellTableViewCell.xib in Resources */ = {isa = PBXBuildFile; fileRef = 89C9B6041FC13CEF00272C69 /* ChatCellTableViewCell.xib */; };
		89C9B6091FC13EB200272C69 /* TextInputTableViewCell.swift in Sources */ = {isa = PBXBuildFile; fileRef = 89C9B6071FC13EB200272C69 /* TextInputTableViewCell.swift */; };
		89C9B60A1FC13EB200272C69 /* TextInputTableViewCell.xib in Resources */ = {isa = PBXBuildFile; fileRef = 89C9B6081FC13EB200272C69 /* TextInputTableViewCell.xib */; };
		89EB15611FBE89F4002CC564 /* AppDelegate.swift in Sources */ = {isa = PBXBuildFile; fileRef = 89EB15601FBE89F4002CC564 /* AppDelegate.swift */; };
		89EB15631FBE89F4002CC564 /* ViewController.swift in Sources */ = {isa = PBXBuildFile; fileRef = 89EB15621FBE89F4002CC564 /* ViewController.swift */; };
		89EB15661FBE89F4002CC564 /* Main.storyboard in Resources */ = {isa = PBXBuildFile; fileRef = 89EB15641FBE89F4002CC564 /* Main.storyboard */; };
		89EB15681FBE89F4002CC564 /* Assets.xcassets in Resources */ = {isa = PBXBuildFile; fileRef = 89EB15671FBE89F4002CC564 /* Assets.xcassets */; };
		89EB156B1FBE89F4002CC564 /* LaunchScreen.storyboard in Resources */ = {isa = PBXBuildFile; fileRef = 89EB15691FBE89F4002CC564 /* LaunchScreen.storyboard */; };
/* End PBXBuildFile section */

/* Begin PBXFileReference section */
		89C9B6031FC13CEF00272C69 /* ChatCellTableViewCell.swift */ = {isa = PBXFileReference; lastKnownFileType = sourcecode.swift; path = ChatCellTableViewCell.swift; sourceTree = SOURCE_ROOT; };
		89C9B6041FC13CEF00272C69 /* ChatCellTableViewCell.xib */ = {isa = PBXFileReference; lastKnownFileType = file.xib; path = ChatCellTableViewCell.xib; sourceTree = SOURCE_ROOT; };
		89C9B6071FC13EB200272C69 /* TextInputTableViewCell.swift */ = {isa = PBXFileReference; lastKnownFileType = sourcecode.swift; path = TextInputTableViewCell.swift; sourceTree = SOURCE_ROOT; };
		89C9B6081FC13EB200272C69 /* TextInputTableViewCell.xib */ = {isa = PBXFileReference; lastKnownFileType = file.xib; path = TextInputTableViewCell.xib; sourceTree = SOURCE_ROOT; };
		89EB155D1FBE89F4002CC564 /* Chat App.app */ = {isa = PBXFileReference; explicitFileType = wrapper.application; includeInIndex = 0; path = "Chat App.app"; sourceTree = BUILT_PRODUCTS_DIR; };
		89EB15601FBE89F4002CC564 /* AppDelegate.swift */ = {isa = PBXFileReference; lastKnownFileType = sourcecode.swift; path = AppDelegate.swift; sourceTree = "<group>"; };
		89EB15621FBE89F4002CC564 /* ViewController.swift */ = {isa = PBXFileReference; lastKnownFileType = sourcecode.swift; path = ViewController.swift; sourceTree = "<group>"; };
		89EB15651FBE89F4002CC564 /* Base */ = {isa = PBXFileReference; lastKnownFileType = file.storyboard; name = Base; path = Base.lproj/Main.storyboard; sourceTree = "<group>"; };
		89EB15671FBE89F4002CC564 /* Assets.xcassets */ = {isa = PBXFileReference; lastKnownFileType = folder.assetcatalog; path = Assets.xcassets; sourceTree = "<group>"; };
		89EB156A1FBE89F4002CC564 /* Base */ = {isa = PBXFileReference; lastKnownFileType = file.storyboard; name = Base; path = Base.lproj/LaunchScreen.storyboard; sourceTree = "<group>"; };
		89EB156C1FBE89F4002CC564 /* Info.plist */ = {isa = PBXFileReference; lastKnownFileType = text.plist.xml; path = Info.plist; sourceTree = "<group>"; };
/* End PBXFileReference section */

/* Begin PBXFrameworksBuildPhase section */
		89EB155A1FBE89F3002CC564 /* Frameworks */ = {
			isa = PBXFrameworksBuildPhase;
			buildActionMask = 2147483647;
			files = (
			);
			runOnlyForDeploymentPostprocessing = 0;
		};
/* End PBXFrameworksBuildPhase section */

/* Begin PBXGroup section */
		89EB15541FBE89F3002CC564 = {
			isa = PBXGroup;
			children = (
				89EB155F1FBE89F4002CC564 /* Chat App */,
				89EB155E1FBE89F4002CC564 /* Products */,
			);
			sourceTree = "<group>";
		};
		89EB155E1FBE89F4002CC564 /* Products */ = {
			isa = PBXGroup;
			children = (
				89EB155D1FBE89F4002CC564 /* Chat App.app */,
			);
			name = Products;
			sourceTree = "<group>";
		};
		89EB155F1FBE89F4002CC564 /* Chat App */ = {
			isa = PBXGroup;
			children = (
				89EB15601FBE89F4002CC564 /* AppDelegate.swift */,
				89EB15621FBE89F4002CC564 /* ViewController.swift */,
				89C9B6031FC13CEF00272C69 /* ChatCellTableViewCell.swift */,
				89C9B6041FC13CEF00272C69 /* ChatCellTableViewCell.xib */,
				89C9B6071FC13EB200272C69 /* TextInputTableViewCell.swift */,
				89C9B6081FC13EB200272C69 /* TextInputTableViewCell.xib */,
				89EB15641FBE89F4002CC564 /* Main.storyboard */,
				89EB15671FBE89F4002CC564 /* Assets.xcassets */,
				89EB15691FBE89F4002CC564 /* LaunchScreen.storyboard */,
				89EB156C1FBE89F4002CC564 /* Info.plist */,
			);
			path = "Chat App";
			sourceTree = "<group>";
		};
/* End PBXGroup section */

/* Begin PBXNativeTarget section */
		89EB155C1FBE89F3002CC564 /* Chat App */ = {
			isa = PBXNativeTarget;
			buildConfigurationList = 89EB156F1FBE89F4002CC564 /* Build configuration list for PBXNativeTarget "Chat App" */;
			buildPhases = (
				89EB15591FBE89F3002CC564 /* Sources */,
				89EB155A1FBE89F3002CC564 /* Frameworks */,
				89EB155B1FBE89F3002CC564 /* Resources */,
			);
			buildRules = (
			);
			dependencies = (
			);
			name = "Chat App";
			productName = "Chat App";
			productReference = 89EB155D1FBE89F4002CC564 /* Chat App.app */;
			productType = "com.apple.product-type.application";
		};
/* End PBXNativeTarget section */

/* Begin PBXProject section */
		89EB15551FBE89F3002CC564 /* Project object */ = {
			isa = PBXProject;
			attributes = {
				LastSwiftUpdateCheck = 0910;
				LastUpgradeCheck = 0910;
				ORGANIZATIONNAME = "Citrus Circuits";
				TargetAttributes = {
					89EB155C1FBE89F3002CC564 = {
						CreatedOnToolsVersion = 9.1;
						ProvisioningStyle = Automatic;
					};
				};
			};
			buildConfigurationList = 89EB15581FBE89F3002CC564 /* Build configuration list for PBXProject "Chat App" */;
			compatibilityVersion = "Xcode 8.0";
			developmentRegion = en;
			hasScannedForEncodings = 0;
			knownRegions = (
				en,
				Base,
			);
			mainGroup = 89EB15541FBE89F3002CC564;
			productRefGroup = 89EB155E1FBE89F4002CC564 /* Products */;
			projectDirPath = "";
			projectRoot = "";
			targets = (
				89EB155C1FBE89F3002CC564 /* Chat App */,
			);
		};
/* End PBXProject section */

/* Begin PBXResourcesBuildPhase section */
		89EB155B1FBE89F3002CC564 /* Resources */ = {
			isa = PBXResourcesBuildPhase;
			buildActionMask = 2147483647;
			files = (
				89EB156B1FBE89F4002CC564 /* LaunchScreen.storyboard in Resources */,
				89C9B60A1FC13EB200272C69 /* TextInputTableViewCell.xib in Resources */,
				89C9B6061FC13CEF00272C69 /* ChatCellTableViewCell.xib in Resources */,
				89EB15681FBE89F4002CC564 /* Assets.xcassets in Resources */,
				89EB15661FBE89F4002CC564 /* Main.storyboard in Resources */,
			);
			runOnlyForDeploymentPostprocessing = 0;
		};
/* End PBXResourcesBuildPhase section */

/* Begin PBXSourcesBuildPhase section */
		89EB15591FBE89F3002CC564 /* Sources */ = {
			isa = PBXSourcesBuildPhase;
			buildActionMask = 2147483647;
			files = (
				89EB15631FBE89F4002CC564 /* ViewController.swift in Sources */,
				89C9B6051FC13CEF00272C69 /* ChatCellTableViewCell.swift in Sources */,
				89EB15611FBE89F4002CC564 /* AppDelegate.swift in Sources */,
				89C9B6091FC13EB200272C69 /* TextInputTableViewCell.swift in Sources */,
			);
			runOnlyForDeploymentPostprocessing = 0;
		};
/* End PBXSourcesBuildPhase section */

/* Begin PBXVariantGroup section */
		89EB15641FBE89F4002CC564 /* Main.storyboard */ = {
			isa = PBXVariantGroup;
			children = (
				89EB15651FBE89F4002CC564 /* Base */,
			);
			name = Main.storyboard;
			sourceTree = "<group>";
		};
		89EB15691FBE89F4002CC564 /* LaunchScreen.storyboard */ = {
			isa = PBXVariantGroup;
			children = (
				89EB156A1FBE89F4002CC564 /* Base */,
			);
			name = LaunchScreen.storyboard;
			sourceTree = "<group>";
		};
/* End PBXVariantGroup section */

/* Begin XCBuildConfiguration section */
		89EB156D1FBE89F4002CC564 /* Debug */ = {
			isa = XCBuildConfiguration;
			buildSettings = {
				ALWAYS_SEARCH_USER_PATHS = NO;
				CLANG_ANALYZER_NONNULL = YES;
				CLANG_ANALYZER_NUMBER_OBJECT_CONVERSION = YES_AGGRESSIVE;
				CLANG_CXX_LANGUAGE_STANDARD = "gnu++14";
				CLANG_CXX_LIBRARY = "libc++";
				CLANG_ENABLE_MODULES = YES;
				CLANG_ENABLE_OBJC_ARC = YES;
				CLANG_WARN_BLOCK_CAPTURE_AUTORELEASING = YES;
				CLANG_WARN_BOOL_CONVERSION = YES;
				CLANG_WARN_COMMA = YES;
				CLANG_WARN_CONSTANT_CONVERSION = YES;
				CLANG_WARN_DIRECT_OBJC_ISA_USAGE = YES_ERROR;
				CLANG_WARN_DOCUMENTATION_COMMENTS = YES;
				CLANG_WARN_EMPTY_BODY = YES;
				CLANG_WARN_ENUM_CONVERSION = YES;
				CLANG_WARN_INFINITE_RECURSION = YES;
				CLANG_WARN_INT_CONVERSION = YES;
				CLANG_WARN_NON_LITERAL_NULL_CONVERSION = YES;
				CLANG_WARN_OBJC_LITERAL_CONVERSION = YES;
				CLANG_WARN_OBJC_ROOT_CLASS = YES_ERROR;
				CLANG_WARN_RANGE_LOOP_ANALYSIS = YES;
				CLANG_WARN_STRICT_PROTOTYPES = YES;
				CLANG_WARN_SUSPICIOUS_MOVE = YES;
				CLANG_WARN_UNGUARDED_AVAILABILITY = YES_AGGRESSIVE;
				CLANG_WARN_UNREACHABLE_CODE = YES;
				CLANG_WARN__DUPLICATE_METHOD_MATCH = YES;
				CODE_SIGN_IDENTITY = "iPhone Developer";
				COPY_PHASE_STRIP = NO;
				DEBUG_INFORMATION_FORMAT = dwarf;
				ENABLE_STRICT_OBJC_MSGSEND = YES;
				ENABLE_TESTABILITY = YES;
				GCC_C_LANGUAGE_STANDARD = gnu11;
				GCC_DYNAMIC_NO_PIC = NO;
				GCC_NO_COMMON_BLOCKS = YES;
				GCC_OPTIMIZATION_LEVEL = 0;
				GCC_PREPROCESSOR_DEFINITIONS = (
					"DEBUG=1",
					"$(inherited)",
				);
				GCC_WARN_64_TO_32_BIT_CONVERSION = YES;
				GCC_WARN_ABOUT_RETURN_TYPE = YES_ERROR;
				GCC_WARN_UNDECLARED_SELECTOR = YES;
				GCC_WARN_UNINITIALIZED_AUTOS = YES_AGGRESSIVE;
				GCC_WARN_UNUSED_FUNCTION = YES;
				GCC_WARN_UNUSED_VARIABLE = YES;
				IPHONEOS_DEPLOYMENT_TARGET = 11.1;
				MTL_ENABLE_DEBUG_INFO = YES;
				ONLY_ACTIVE_ARCH = YES;
				SDKROOT = iphoneos;
				SWIFT_ACTIVE_COMPILATION_CONDITIONS = DEBUG;
				SWIFT_OPTIMIZATION_LEVEL = "-Onone";
			};
			name = Debug;
		};
		89EB156E1FBE89F4002CC564 /* Release */ = {
			isa = XCBuildConfiguration;
			buildSettings = {
				ALWAYS_SEARCH_USER_PATHS = NO;
				CLANG_ANALYZER_NONNULL = YES;
				CLANG_ANALYZER_NUMBER_OBJECT_CONVERSION = YES_AGGRESSIVE;
				CLANG_CXX_LANGUAGE_STANDARD = "gnu++14";
				CLANG_CXX_LIBRARY = "libc++";
				CLANG_ENABLE_MODULES = YES;
				CLANG_ENABLE_OBJC_ARC = YES;
				CLANG_WARN_BLOCK_CAPTURE_AUTORELEASING = YES;
				CLANG_WARN_BOOL_CONVERSION = YES;
				CLANG_WARN_COMMA = YES;
				CLANG_WARN_CONSTANT_CONVERSION = YES;
				CLANG_WARN_DIRECT_OBJC_ISA_USAGE = YES_ERROR;
				CLANG_WARN_DOCUMENTATION_COMMENTS = YES;
				CLANG_WARN_EMPTY_BODY = YES;
				CLANG_WARN_ENUM_CONVERSION = YES;
				CLANG_WARN_INFINITE_RECURSION = YES;
				CLANG_WARN_INT_CONVERSION = YES;
				CLANG_WARN_NON_LITERAL_NULL_CONVERSION = YES;
				CLANG_WARN_OBJC_LITERAL_CONVERSION = YES;
				CLANG_WARN_OBJC_ROOT_CLASS = YES_ERROR;
				CLANG_WARN_RANGE_LOOP_ANALYSIS = YES;
				CLANG_WARN_STRICT_PROTOTYPES = YES;
				CLANG_WARN_SUSPICIOUS_MOVE = YES;
				CLANG_WARN_UNGUARDED_AVAILABILITY = YES_AGGRESSIVE;
				CLANG_WARN_UNREACHABLE_CODE = YES;
				CLANG_WARN__DUPLICATE_METHOD_MATCH = YES;
				CODE_SIGN_IDENTITY = "iPhone Developer";
				COPY_PHASE_STRIP = NO;
				DEBUG_INFORMATION_FORMAT = "dwarf-with-dsym";
				ENABLE_NS_ASSERTIONS = NO;
				ENABLE_STRICT_OBJC_MSGSEND = YES;
				GCC_C_LANGUAGE_STANDARD = gnu11;
				GCC_NO_COMMON_BLOCKS = YES;
				GCC_WARN_64_TO_32_BIT_CONVERSION = YES;
				GCC_WARN_ABOUT_RETURN_TYPE = YES_ERROR;
				GCC_WARN_UNDECLARED_SELECTOR = YES;
				GCC_WARN_UNINITIALIZED_AUTOS = YES_AGGRESSIVE;
				GCC_WARN_UNUSED_FUNCTION = YES;
				GCC_WARN_UNUSED_VARIABLE = YES;
				IPHONEOS_DEPLOYMENT_TARGET = 11.1;
				MTL_ENABLE_DEBUG_INFO = NO;
				SDKROOT = iphoneos;
				SWIFT_OPTIMIZATION_LEVEL = "-Owholemodule";
				VALIDATE_PRODUCT = YES;
			};
			name = Release;
		};
		89EB15701FBE89F4002CC564 /* Debug */ = {
			isa = XCBuildConfiguration;
			buildSettings = {
				ASSETCATALOG_COMPILER_APPICON_NAME = AppIcon;
				CODE_SIGN_STYLE = Automatic;
				DEVELOPMENT_TEAM = CG6L2A654M;
				INFOPLIST_FILE = "Chat App/Info.plist";
				LD_RUNPATH_SEARCH_PATHS = "$(inherited) @executable_path/Frameworks";
				PRODUCT_BUNDLE_IDENTIFIER = "com.app1.Chat-App";
				PRODUCT_NAME = "$(TARGET_NAME)";
				SWIFT_VERSION = 4.0;
				TARGETED_DEVICE_FAMILY = "1,2";
			};
			name = Debug;
		};
		89EB15711FBE89F4002CC564 /* Release */ = {
			isa = XCBuildConfiguration;
			buildSettings = {
				ASSETCATALOG_COMPILER_APPICON_NAME = AppIcon;
				CODE_SIGN_STYLE = Automatic;
				DEVELOPMENT_TEAM = CG6L2A654M;
				INFOPLIST_FILE = "Chat App/Info.plist";
				LD_RUNPATH_SEARCH_PATHS = "$(inherited) @executable_path/Frameworks";
				PRODUCT_BUNDLE_IDENTIFIER = "com.app1.Chat-App";
				PRODUCT_NAME = "$(TARGET_NAME)";
				SWIFT_VERSION = 4.0;
				TARGETED_DEVICE_FAMILY = "1,2";
			};
			name = Release;
		};
/* End XCBuildConfiguration section */

/* Begin XCConfigurationList section */
		89EB15581FBE89F3002CC564 /* Build configuration list for PBXProject "Chat App" */ = {
			isa = XCConfigurationList;
			buildConfigurations = (
				89EB156D1FBE89F4002CC564 /* Debug */,
				89EB156E1FBE89F4002CC564 /* Release */,
			);
			defaultConfigurationIsVisible = 0;
			defaultConfigurationName = Release;
		};
		89EB156F1FBE89F4002CC564 /* Build configuration list for PBXNativeTarget "Chat App" */ = {
			isa = XCConfigurationList;
			buildConfigurations = (
				89EB15701FBE89F4002CC564 /* Debug */,
				89EB15711FBE89F4002CC564 /* Release */,
			);
			defaultConfigurationIsVisible = 0;
			defaultConfigurationName = Release;
		};
/* End XCConfigurationList section */
	};
	rootObject = 89EB15551FBE89F3002CC564 /* Project object */;
}
